
Microsoft Visual Studio Solution File, Format Version 12.00
# Visual Studio 15
VisualStudioVersion = 15.0.26124.0
MinimumVisualStudioVersion = 15.0.26124.0
Project("{FAE04EC0-301F-11D3-BF4B-00C04F79EFBC}") = "WhiteWizard", "src\WhiteWizard.csproj", "{B856F2A8-D069-4BD3-B0C8-7E71FF7468C9}"
EndProject
Project("{FAE04EC0-301F-11D3-BF4B-00C04F79EFBC}") = "test", "test\test.csproj", "{538E3BBB-5AA5-4ED4-BDE6-C590183C9DF7}"
EndProject
Global
	GlobalSection(SolutionConfigurationPlatforms) = preSolution
		Debug|Any CPU = Debug|Any CPU
		Debug|x64 = Debug|x64
		Debug|x86 = Debug|x86
		Release|Any CPU = Release|Any CPU
		Release|x64 = Release|x64
		Release|x86 = Release|x86
	EndGlobalSection
	GlobalSection(SolutionProperties) = preSolution
		HideSolutionNode = FALSE
	EndGlobalSection
	GlobalSection(ProjectConfigurationPlatforms) = postSolution
		{37CF3818-28B0-4ECD-AB8C-DDF303976A1E}.Debug|Any CPU.ActiveCfg = Debug|Any CPU
		{37CF3818-28B0-4ECD-AB8C-DDF303976A1E}.Debug|Any CPU.Build.0 = Debug|Any CPU
		{37CF3818-28B0-4ECD-AB8C-DDF303976A1E}.Debug|x64.ActiveCfg = Debug|x64
		{37CF3818-28B0-4ECD-AB8C-DDF303976A1E}.Debug|x64.Build.0 = Debug|x64
		{37CF3818-28B0-4ECD-AB8C-DDF303976A1E}.Debug|x86.ActiveCfg = Debug|x86
		{37CF3818-28B0-4ECD-AB8C-DDF303976A1E}.Debug|x86.Build.0 = Debug|x86
		{37CF3818-28B0-4ECD-AB8C-DDF303976A1E}.Release|Any CPU.ActiveCfg = Release|Any CPU
		{37CF3818-28B0-4ECD-AB8C-DDF303976A1E}.Release|Any CPU.Build.0 = Release|Any CPU
		{37CF3818-28B0-4ECD-AB8C-DDF303976A1E}.Release|x64.ActiveCfg = Release|x64
		{37CF3818-28B0-4ECD-AB8C-DDF303976A1E}.Release|x64.Build.0 = Release|x64
		{37CF3818-28B0-4ECD-AB8C-DDF303976A1E}.Release|x86.ActiveCfg = Release|x86
		{37CF3818-28B0-4ECD-AB8C-DDF303976A1E}.Release|x86.Build.0 = Release|x86
		{B856F2A8-D069-4BD3-B0C8-7E71FF7468C9}.Debug|Any CPU.ActiveCfg = Debug|Any CPU
		{B856F2A8-D069-4BD3-B0C8-7E71FF7468C9}.Debug|Any CPU.Build.0 = Debug|Any CPU
		{B856F2A8-D069-4BD3-B0C8-7E71FF7468C9}.Debug|x64.ActiveCfg = Debug|x64
		{B856F2A8-D069-4BD3-B0C8-7E71FF7468C9}.Debug|x64.Build.0 = Debug|x64
		{B856F2A8-D069-4BD3-B0C8-7E71FF7468C9}.Debug|x86.ActiveCfg = Debug|x86
		{B856F2A8-D069-4BD3-B0C8-7E71FF7468C9}.Debug|x86.Build.0 = Debug|x86
		{B856F2A8-D069-4BD3-B0C8-7E71FF7468C9}.Release|Any CPU.ActiveCfg = Release|Any CPU
		{B856F2A8-D069-4BD3-B0C8-7E71FF7468C9}.Release|Any CPU.Build.0 = Release|Any CPU
		{B856F2A8-D069-4BD3-B0C8-7E71FF7468C9}.Release|x64.ActiveCfg = Release|x64
		{B856F2A8-D069-4BD3-B0C8-7E71FF7468C9}.Release|x64.Build.0 = Release|x64
		{B856F2A8-D069-4BD3-B0C8-7E71FF7468C9}.Release|x86.ActiveCfg = Release|x86
		{B856F2A8-D069-4BD3-B0C8-7E71FF7468C9}.Release|x86.Build.0 = Release|x86
		{538E3BBB-5AA5-4ED4-BDE6-C590183C9DF7}.Debug|Any CPU.ActiveCfg = Debug|Any CPU
		{538E3BBB-5AA5-4ED4-BDE6-C590183C9DF7}.Debug|Any CPU.Build.0 = Debug|Any CPU
		{538E3BBB-5AA5-4ED4-BDE6-C590183C9DF7}.Debug|x64.ActiveCfg = Debug|x64
		{538E3BBB-5AA5-4ED4-BDE6-C590183C9DF7}.Debug|x64.Build.0 = Debug|x64
		{538E3BBB-5AA5-4ED4-BDE6-C590183C9DF7}.Debug|x86.ActiveCfg = Debug|x86
		{538E3BBB-5AA5-4ED4-BDE6-C590183C9DF7}.Debug|x86.Build.0 = Debug|x86
		{538E3BBB-5AA5-4ED4-BDE6-C590183C9DF7}.Release|Any CPU.ActiveCfg = Release|Any CPU
		{538E3BBB-5AA5-4ED4-BDE6-C590183C9DF7}.Release|Any CPU.Build.0 = Release|Any CPU
		{538E3BBB-5AA5-4ED4-BDE6-C590183C9DF7}.Release|x64.ActiveCfg = Release|x64
		{538E3BBB-5AA5-4ED4-BDE6-C590183C9DF7}.Release|x64.Build.0 = Release|x64
		{538E3BBB-5AA5-4ED4-BDE6-C590183C9DF7}.Release|x86.ActiveCfg = Release|x86
		{538E3BBB-5AA5-4ED4-BDE6-C590183C9DF7}.Release|x86.Build.0 = Release|x86
	EndGlobalSection
EndGlobal
